// !$*UTF8*$!
{
	archiveVersion = 1;
	classes = {
	};
	objectVersion = 56;
	objects = {

/* Begin PBXBuildFile section */
		EF7409762920D8460065485E /* SampleJDATests.swift in Sources */ = {isa = PBXBuildFile; fileRef = EF7409752920D8460065485E /* SampleJDATests.swift */; };
		EF7409802920D8460065485E /* SampleJDAUITests.swift in Sources */ = {isa = PBXBuildFile; fileRef = EF74097F2920D8460065485E /* SampleJDAUITests.swift */; };
		EF7409822920D8460065485E /* SampleJDAUITestsLaunchTests.swift in Sources */ = {isa = PBXBuildFile; fileRef = EF7409812920D8460065485E /* SampleJDAUITestsLaunchTests.swift */; };
		EFD435CD2920DA4000784BCC /* APIService.swift in Sources */ = {isa = PBXBuildFile; fileRef = EFD435C02920DA4000784BCC /* APIService.swift */; };
		EFD435CE2920DA4000784BCC /* ContentViewModel.swift in Sources */ = {isa = PBXBuildFile; fileRef = EFD435C22920DA4000784BCC /* ContentViewModel.swift */; };
		EFD435CF2920DA4000784BCC /* API.swift in Sources */ = {isa = PBXBuildFile; fileRef = EFD435C42920DA4000784BCC /* API.swift */; };
		EFD435D02920DA4000784BCC /* SingleUserResponse.swift in Sources */ = {isa = PBXBuildFile; fileRef = EFD435C62920DA4000784BCC /* SingleUserResponse.swift */; };
		EFD435D12920DA4000784BCC /* SampleApp.swift in Sources */ = {isa = PBXBuildFile; fileRef = EFD435C82920DA4000784BCC /* SampleApp.swift */; };
		EFD435D22920DA4000784BCC /* ViewBuilder.swift in Sources */ = {isa = PBXBuildFile; fileRef = EFD435CB2920DA4000784BCC /* ViewBuilder.swift */; };
		EFD435D32920DA4000784BCC /* ContentView.swift in Sources */ = {isa = PBXBuildFile; fileRef = EFD435CC2920DA4000784BCC /* ContentView.swift */; };
		EFD435D62920DA7400784BCC /* JDA in Frameworks */ = {isa = PBXBuildFile; productRef = EFD435D52920DA7400784BCC /* JDA */; };
		EFD435DA2920DADA00784BCC /* Assets.xcassets in Resources */ = {isa = PBXBuildFile; fileRef = EFD435D72920DAD900784BCC /* Assets.xcassets */; };
		EFD435DB2920DADA00784BCC /* Preview Assets.xcassets in Resources */ = {isa = PBXBuildFile; fileRef = EFD435D92920DAD900784BCC /* Preview Assets.xcassets */; };
/* End PBXBuildFile section */

/* Begin PBXContainerItemProxy section */
		EF7409722920D8460065485E /* PBXContainerItemProxy */ = {
			isa = PBXContainerItemProxy;
			containerPortal = EF7409592920D8450065485E /* Project object */;
			proxyType = 1;
			remoteGlobalIDString = EF7409602920D8450065485E;
			remoteInfo = SampleJDA;
		};
		EF74097C2920D8460065485E /* PBXContainerItemProxy */ = {
			isa = PBXContainerItemProxy;
			containerPortal = EF7409592920D8450065485E /* Project object */;
			proxyType = 1;
			remoteGlobalIDString = EF7409602920D8450065485E;
			remoteInfo = SampleJDA;
		};
/* End PBXContainerItemProxy section */

/* Begin PBXFileReference section */
		EF7409612920D8450065485E /* SampleJDA.app */ = {isa = PBXFileReference; explicitFileType = wrapper.application; includeInIndex = 0; path = SampleJDA.app; sourceTree = BUILT_PRODUCTS_DIR; };
		EF7409712920D8460065485E /* SampleJDATests.xctest */ = {isa = PBXFileReference; explicitFileType = wrapper.cfbundle; includeInIndex = 0; path = SampleJDATests.xctest; sourceTree = BUILT_PRODUCTS_DIR; };
		EF7409752920D8460065485E /* SampleJDATests.swift */ = {isa = PBXFileReference; lastKnownFileType = sourcecode.swift; path = SampleJDATests.swift; sourceTree = "<group>"; };
		EF74097B2920D8460065485E /* SampleJDAUITests.xctest */ = {isa = PBXFileReference; explicitFileType = wrapper.cfbundle; includeInIndex = 0; path = SampleJDAUITests.xctest; sourceTree = BUILT_PRODUCTS_DIR; };
		EF74097F2920D8460065485E /* SampleJDAUITests.swift */ = {isa = PBXFileReference; lastKnownFileType = sourcecode.swift; path = SampleJDAUITests.swift; sourceTree = "<group>"; };
		EF7409812920D8460065485E /* SampleJDAUITestsLaunchTests.swift */ = {isa = PBXFileReference; lastKnownFileType = sourcecode.swift; path = SampleJDAUITestsLaunchTests.swift; sourceTree = "<group>"; };
		EFD435C02920DA4000784BCC /* APIService.swift */ = {isa = PBXFileReference; fileEncoding = 4; lastKnownFileType = sourcecode.swift; path = APIService.swift; sourceTree = "<group>"; };
		EFD435C22920DA4000784BCC /* ContentViewModel.swift */ = {isa = PBXFileReference; fileEncoding = 4; lastKnownFileType = sourcecode.swift; path = ContentViewModel.swift; sourceTree = "<group>"; };
		EFD435C42920DA4000784BCC /* API.swift */ = {isa = PBXFileReference; fileEncoding = 4; lastKnownFileType = sourcecode.swift; path = API.swift; sourceTree = "<group>"; };
		EFD435C62920DA4000784BCC /* SingleUserResponse.swift */ = {isa = PBXFileReference; fileEncoding = 4; lastKnownFileType = sourcecode.swift; path = SingleUserResponse.swift; sourceTree = "<group>"; };
		EFD435C82920DA4000784BCC /* SampleApp.swift */ = {isa = PBXFileReference; fileEncoding = 4; lastKnownFileType = sourcecode.swift; path = SampleApp.swift; sourceTree = "<group>"; };
		EFD435CB2920DA4000784BCC /* ViewBuilder.swift */ = {isa = PBXFileReference; fileEncoding = 4; lastKnownFileType = sourcecode.swift; path = ViewBuilder.swift; sourceTree = "<group>"; };
		EFD435CC2920DA4000784BCC /* ContentView.swift */ = {isa = PBXFileReference; fileEncoding = 4; lastKnownFileType = sourcecode.swift; path = ContentView.swift; sourceTree = "<group>"; };
		EFD435D72920DAD900784BCC /* Assets.xcassets */ = {isa = PBXFileReference; lastKnownFileType = folder.assetcatalog; path = Assets.xcassets; sourceTree = "<group>"; };
		EFD435D92920DAD900784BCC /* Preview Assets.xcassets */ = {isa = PBXFileReference; lastKnownFileType = folder.assetcatalog; path = "Preview Assets.xcassets"; sourceTree = "<group>"; };
		EFDB44302920D99B00FA6EE3 /* JD */ = {isa = PBXFileReference; lastKnownFileType = wrapper; name = JD; path = ..; sourceTree = "<group>"; };
/* End PBXFileReference section */

/* Begin PBXFrameworksBuildPhase section */
		EF74095E2920D8450065485E /* Frameworks */ = {
			isa = PBXFrameworksBuildPhase;
			buildActionMask = 2147483647;
			files = (
				EFD435D62920DA7400784BCC /* JDA in Frameworks */,
			);
			runOnlyForDeploymentPostprocessing = 0;
		};
		EF74096E2920D8460065485E /* Frameworks */ = {
			isa = PBXFrameworksBuildPhase;
			buildActionMask = 2147483647;
			files = (
			);
			runOnlyForDeploymentPostprocessing = 0;
		};
		EF7409782920D8460065485E /* Frameworks */ = {
			isa = PBXFrameworksBuildPhase;
			buildActionMask = 2147483647;
			files = (
			);
			runOnlyForDeploymentPostprocessing = 0;
		};
/* End PBXFrameworksBuildPhase section */

/* Begin PBXGroup section */
		EF7409582920D8450065485E = {
			isa = PBXGroup;
			children = (
				EFDB442F2920D99B00FA6EE3 /* Packages */,
				EF7409632920D8450065485E /* SampleJDA */,
				EF7409742920D8460065485E /* SampleJDATests */,
				EF74097E2920D8460065485E /* SampleJDAUITests */,
				EF7409622920D8450065485E /* Products */,
				EFD435D42920DA7400784BCC /* Frameworks */,
			);
			sourceTree = "<group>";
		};
		EF7409622920D8450065485E /* Products */ = {
			isa = PBXGroup;
			children = (
				EF7409612920D8450065485E /* SampleJDA.app */,
				EF7409712920D8460065485E /* SampleJDATests.xctest */,
				EF74097B2920D8460065485E /* SampleJDAUITests.xctest */,
			);
			name = Products;
			sourceTree = "<group>";
		};
		EF7409632920D8450065485E /* SampleJDA */ = {
			isa = PBXGroup;
			children = (
				EFD435C32920DA4000784BCC /* API */,
				EFD435C72920DA4000784BCC /* App */,
				EFD435C52920DA4000784BCC /* DTO */,
				EFD435BF2920DA4000784BCC /* Service */,
				EFD435C92920DA4000784BCC /* View */,
				EFD435C12920DA4000784BCC /* ViewModel */,
				EFD435D82920DAD900784BCC /* Preview Content */,
				EFD435D72920DAD900784BCC /* Assets.xcassets */,
			);
			path = SampleJDA;
			sourceTree = "<group>";
		};
		EF7409742920D8460065485E /* SampleJDATests */ = {
			isa = PBXGroup;
			children = (
				EF7409752920D8460065485E /* SampleJDATests.swift */,
			);
			path = SampleJDATests;
			sourceTree = "<group>";
		};
		EF74097E2920D8460065485E /* SampleJDAUITests */ = {
			isa = PBXGroup;
			children = (
				EF74097F2920D8460065485E /* SampleJDAUITests.swift */,
				EF7409812920D8460065485E /* SampleJDAUITestsLaunchTests.swift */,
			);
			path = SampleJDAUITests;
			sourceTree = "<group>";
		};
		EFD435BF2920DA4000784BCC /* Service */ = {
			isa = PBXGroup;
			children = (
				EFD435C02920DA4000784BCC /* APIService.swift */,
			);
			path = Service;
			sourceTree = "<group>";
		};
		EFD435C12920DA4000784BCC /* ViewModel */ = {
			isa = PBXGroup;
			children = (
				EFD435C22920DA4000784BCC /* ContentViewModel.swift */,
			);
			path = ViewModel;
			sourceTree = "<group>";
		};
		EFD435C32920DA4000784BCC /* API */ = {
			isa = PBXGroup;
			children = (
				EFD435C42920DA4000784BCC /* API.swift */,
			);
			path = API;
			sourceTree = "<group>";
		};
		EFD435C52920DA4000784BCC /* DTO */ = {
			isa = PBXGroup;
			children = (
				EFD435C62920DA4000784BCC /* SingleUserResponse.swift */,
			);
			path = DTO;
			sourceTree = "<group>";
		};
		EFD435C72920DA4000784BCC /* App */ = {
			isa = PBXGroup;
			children = (
				EFD435C82920DA4000784BCC /* SampleApp.swift */,
			);
			path = App;
			sourceTree = "<group>";
		};
		EFD435C92920DA4000784BCC /* View */ = {
			isa = PBXGroup;
			children = (
				EFD435CA2920DA4000784BCC /* ViewBuilder */,
				EFD435CC2920DA4000784BCC /* ContentView.swift */,
			);
			path = View;
			sourceTree = "<group>";
		};
		EFD435CA2920DA4000784BCC /* ViewBuilder */ = {
			isa = PBXGroup;
			children = (
				EFD435CB2920DA4000784BCC /* ViewBuilder.swift */,
			);
			path = ViewBuilder;
			sourceTree = "<group>";
		};
		EFD435D42920DA7400784BCC /* Frameworks */ = {
			isa = PBXGroup;
			children = (
			);
			name = Frameworks;
			sourceTree = "<group>";
		};
		EFD435D82920DAD900784BCC /* Preview Content */ = {
			isa = PBXGroup;
			children = (
				EFD435D92920DAD900784BCC /* Preview Assets.xcassets */,
			);
			path = "Preview Content";
			sourceTree = "<group>";
		};
		EFDB442F2920D99B00FA6EE3 /* Packages */ = {
			isa = PBXGroup;
			children = (
				EFDB44302920D99B00FA6EE3 /* JD */,
			);
			name = Packages;
			sourceTree = "<group>";
		};
/* End PBXGroup section */

/* Begin PBXNativeTarget section */
		EF7409602920D8450065485E /* SampleJDA */ = {
			isa = PBXNativeTarget;
			buildConfigurationList = EF7409852920D8460065485E /* Build configuration list for PBXNativeTarget "SampleJDA" */;
			buildPhases = (
				EF74095D2920D8450065485E /* Sources */,
				EF74095E2920D8450065485E /* Frameworks */,
				EF74095F2920D8450065485E /* Resources */,
			);
			buildRules = (
			);
			dependencies = (
			);
			name = SampleJDA;
			packageProductDependencies = (
				EFD435D52920DA7400784BCC /* JDA */,
			);
			productName = SampleJDA;
			productReference = EF7409612920D8450065485E /* SampleJDA.app */;
			productType = "com.apple.product-type.application";
		};
		EF7409702920D8460065485E /* SampleJDATests */ = {
			isa = PBXNativeTarget;
			buildConfigurationList = EF7409882920D8460065485E /* Build configuration list for PBXNativeTarget "SampleJDATests" */;
			buildPhases = (
				EF74096D2920D8460065485E /* Sources */,
				EF74096E2920D8460065485E /* Frameworks */,
				EF74096F2920D8460065485E /* Resources */,
			);
			buildRules = (
			);
			dependencies = (
				EF7409732920D8460065485E /* PBXTargetDependency */,
			);
			name = SampleJDATests;
			productName = SampleJDATests;
			productReference = EF7409712920D8460065485E /* SampleJDATests.xctest */;
			productType = "com.apple.product-type.bundle.unit-test";
		};
		EF74097A2920D8460065485E /* SampleJDAUITests */ = {
			isa = PBXNativeTarget;
			buildConfigurationList = EF74098B2920D8460065485E /* Build configuration list for PBXNativeTarget "SampleJDAUITests" */;
			buildPhases = (
				EF7409772920D8460065485E /* Sources */,
				EF7409782920D8460065485E /* Frameworks */,
				EF7409792920D8460065485E /* Resources */,
			);
			buildRules = (
			);
			dependencies = (
				EF74097D2920D8460065485E /* PBXTargetDependency */,
			);
			name = SampleJDAUITests;
			productName = SampleJDAUITests;
			productReference = EF74097B2920D8460065485E /* SampleJDAUITests.xctest */;
			productType = "com.apple.product-type.bundle.ui-testing";
		};
/* End PBXNativeTarget section */

/* Begin PBXProject section */
		EF7409592920D8450065485E /* Project object */ = {
			isa = PBXProject;
			attributes = {
				BuildIndependentTargetsInParallel = 1;
				LastSwiftUpdateCheck = 1410;
				LastUpgradeCheck = 1410;
				TargetAttributes = {
					EF7409602920D8450065485E = {
						CreatedOnToolsVersion = 14.1;
					};
					EF7409702920D8460065485E = {
						CreatedOnToolsVersion = 14.1;
						TestTargetID = EF7409602920D8450065485E;
					};
					EF74097A2920D8460065485E = {
						CreatedOnToolsVersion = 14.1;
						TestTargetID = EF7409602920D8450065485E;
					};
				};
			};
			buildConfigurationList = EF74095C2920D8450065485E /* Build configuration list for PBXProject "SampleJDA" */;
			compatibilityVersion = "Xcode 14.0";
			developmentRegion = en;
			hasScannedForEncodings = 0;
			knownRegions = (
				en,
				Base,
			);
			mainGroup = EF7409582920D8450065485E;
			productRefGroup = EF7409622920D8450065485E /* Products */;
			projectDirPath = "";
			projectRoot = "";
			targets = (
				EF7409602920D8450065485E /* SampleJDA */,
				EF7409702920D8460065485E /* SampleJDATests */,
				EF74097A2920D8460065485E /* SampleJDAUITests */,
			);
		};
/* End PBXProject section */

/* Begin PBXResourcesBuildPhase section */
		EF74095F2920D8450065485E /* Resources */ = {
			isa = PBXResourcesBuildPhase;
			buildActionMask = 2147483647;
			files = (
				EFD435DB2920DADA00784BCC /* Preview Assets.xcassets in Resources */,
				EFD435DA2920DADA00784BCC /* Assets.xcassets in Resources */,
			);
			runOnlyForDeploymentPostprocessing = 0;
		};
		EF74096F2920D8460065485E /* Resources */ = {
			isa = PBXResourcesBuildPhase;
			buildActionMask = 2147483647;
			files = (
			);
			runOnlyForDeploymentPostprocessing = 0;
		};
		EF7409792920D8460065485E /* Resources */ = {
			isa = PBXResourcesBuildPhase;
			buildActionMask = 2147483647;
			files = (
			);
			runOnlyForDeploymentPostprocessing = 0;
		};
/* End PBXResourcesBuildPhase section */

/* Begin PBXSourcesBuildPhase section */
		EF74095D2920D8450065485E /* Sources */ = {
			isa = PBXSourcesBuildPhase;
			buildActionMask = 2147483647;
			files = (
				EFD435CE2920DA4000784BCC /* ContentViewModel.swift in Sources */,
				EFD435D12920DA4000784BCC /* SampleApp.swift in Sources */,
				EFD435D32920DA4000784BCC /* ContentView.swift in Sources */,
				EFD435D22920DA4000784BCC /* ViewBuilder.swift in Sources */,
				EFD435CF2920DA4000784BCC /* API.swift in Sources */,
				EFD435CD2920DA4000784BCC /* APIService.swift in Sources */,
				EFD435D02920DA4000784BCC /* SingleUserResponse.swift in Sources */,
			);
			runOnlyForDeploymentPostprocessing = 0;
		};
		EF74096D2920D8460065485E /* Sources */ = {
			isa = PBXSourcesBuildPhase;
			buildActionMask = 2147483647;
			files = (
				EF7409762920D8460065485E /* SampleJDATests.swift in Sources */,
			);
			runOnlyForDeploymentPostprocessing = 0;
		};
		EF7409772920D8460065485E /* Sources */ = {
			isa = PBXSourcesBuildPhase;
			buildActionMask = 2147483647;
			files = (
				EF7409822920D8460065485E /* SampleJDAUITestsLaunchTests.swift in Sources */,
				EF7409802920D8460065485E /* SampleJDAUITests.swift in Sources */,
			);
			runOnlyForDeploymentPostprocessing = 0;
		};
/* End PBXSourcesBuildPhase section */

/* Begin PBXTargetDependency section */
		EF7409732920D8460065485E /* PBXTargetDependency */ = {
			isa = PBXTargetDependency;
			target = EF7409602920D8450065485E /* SampleJDA */;
			targetProxy = EF7409722920D8460065485E /* PBXContainerItemProxy */;
		};
		EF74097D2920D8460065485E /* PBXTargetDependency */ = {
			isa = PBXTargetDependency;
			target = EF7409602920D8450065485E /* SampleJDA */;
			targetProxy = EF74097C2920D8460065485E /* PBXContainerItemProxy */;
		};
/* End PBXTargetDependency section */

/* Begin XCBuildConfiguration section */
		EF7409832920D8460065485E /* Debug */ = {
			isa = XCBuildConfiguration;
			buildSettings = {
				ALWAYS_SEARCH_USER_PATHS = NO;
				CLANG_ANALYZER_NONNULL = YES;
				CLANG_ANALYZER_NUMBER_OBJECT_CONVERSION = YES_AGGRESSIVE;
				CLANG_CXX_LANGUAGE_STANDARD = "gnu++20";
				CLANG_ENABLE_MODULES = YES;
				CLANG_ENABLE_OBJC_ARC = YES;
				CLANG_ENABLE_OBJC_WEAK = YES;
				CLANG_WARN_BLOCK_CAPTURE_AUTORELEASING = YES;
				CLANG_WARN_BOOL_CONVERSION = YES;
				CLANG_WARN_COMMA = YES;
				CLANG_WARN_CONSTANT_CONVERSION = YES;
				CLANG_WARN_DEPRECATED_OBJC_IMPLEMENTATIONS = YES;
				CLANG_WARN_DIRECT_OBJC_ISA_USAGE = YES_ERROR;
				CLANG_WARN_DOCUMENTATION_COMMENTS = YES;
				CLANG_WARN_EMPTY_BODY = YES;
				CLANG_WARN_ENUM_CONVERSION = YES;
				CLANG_WARN_INFINITE_RECURSION = YES;
				CLANG_WARN_INT_CONVERSION = YES;
				CLANG_WARN_NON_LITERAL_NULL_CONVERSION = YES;
				CLANG_WARN_OBJC_IMPLICIT_RETAIN_SELF = YES;
				CLANG_WARN_OBJC_LITERAL_CONVERSION = YES;
				CLANG_WARN_OBJC_ROOT_CLASS = YES_ERROR;
				CLANG_WARN_QUOTED_INCLUDE_IN_FRAMEWORK_HEADER = YES;
				CLANG_WARN_RANGE_LOOP_ANALYSIS = YES;
				CLANG_WARN_STRICT_PROTOTYPES = YES;
				CLANG_WARN_SUSPICIOUS_MOVE = YES;
				CLANG_WARN_UNGUARDED_AVAILABILITY = YES_AGGRESSIVE;
				CLANG_WARN_UNREACHABLE_CODE = YES;
				CLANG_WARN__DUPLICATE_METHOD_MATCH = YES;
				COPY_PHASE_STRIP = NO;
				DEBUG_INFORMATION_FORMAT = dwarf;
				ENABLE_STRICT_OBJC_MSGSEND = YES;
				ENABLE_TESTABILITY = YES;
				GCC_C_LANGUAGE_STANDARD = gnu11;
				GCC_DYNAMIC_NO_PIC = NO;
				GCC_NO_COMMON_BLOCKS = YES;
				GCC_OPTIMIZATION_LEVEL = 0;
				GCC_PREPROCESSOR_DEFINITIONS = (
					"DEBUG=1",
					"$(inherited)",
				);
				GCC_WARN_64_TO_32_BIT_CONVERSION = YES;
				GCC_WARN_ABOUT_RETURN_TYPE = YES_ERROR;
				GCC_WARN_UNDECLARED_SELECTOR = YES;
				GCC_WARN_UNINITIALIZED_AUTOS = YES_AGGRESSIVE;
				GCC_WARN_UNUSED_FUNCTION = YES;
				GCC_WARN_UNUSED_VARIABLE = YES;
				IPHONEOS_DEPLOYMENT_TARGET = 16.1;
				MTL_ENABLE_DEBUG_INFO = INCLUDE_SOURCE;
				MTL_FAST_MATH = YES;
				ONLY_ACTIVE_ARCH = YES;
				SDKROOT = iphoneos;
				SWIFT_ACTIVE_COMPILATION_CONDITIONS = DEBUG;
				SWIFT_OPTIMIZATION_LEVEL = "-Onone";
			};
			name = Debug;
		};
		EF7409842920D8460065485E /* Release */ = {
			isa = XCBuildConfiguration;
			buildSettings = {
				ALWAYS_SEARCH_USER_PATHS = NO;
				CLANG_ANALYZER_NONNULL = YES;
				CLANG_ANALYZER_NUMBER_OBJECT_CONVERSION = YES_AGGRESSIVE;
				CLANG_CXX_LANGUAGE_STANDARD = "gnu++20";
				CLANG_ENABLE_MODULES = YES;
				CLANG_ENABLE_OBJC_ARC = YES;
				CLANG_ENABLE_OBJC_WEAK = YES;
				CLANG_WARN_BLOCK_CAPTURE_AUTORELEASING = YES;
				CLANG_WARN_BOOL_CONVERSION = YES;
				CLANG_WARN_COMMA = YES;
				CLANG_WARN_CONSTANT_CONVERSION = YES;
				CLANG_WARN_DEPRECATED_OBJC_IMPLEMENTATIONS = YES;
				CLANG_WARN_DIRECT_OBJC_ISA_USAGE = YES_ERROR;
				CLANG_WARN_DOCUMENTATION_COMMENTS = YES;
				CLANG_WARN_EMPTY_BODY = YES;
				CLANG_WARN_ENUM_CONVERSION = YES;
				CLANG_WARN_INFINITE_RECURSION = YES;
				CLANG_WARN_INT_CONVERSION = YES;
				CLANG_WARN_NON_LITERAL_NULL_CONVERSION = YES;
				CLANG_WARN_OBJC_IMPLICIT_RETAIN_SELF = YES;
				CLANG_WARN_OBJC_LITERAL_CONVERSION = YES;
				CLANG_WARN_OBJC_ROOT_CLASS = YES_ERROR;
				CLANG_WARN_QUOTED_INCLUDE_IN_FRAMEWORK_HEADER = YES;
				CLANG_WARN_RANGE_LOOP_ANALYSIS = YES;
				CLANG_WARN_STRICT_PROTOTYPES = YES;
				CLANG_WARN_SUSPICIOUS_MOVE = YES;
				CLANG_WARN_UNGUARDED_AVAILABILITY = YES_AGGRESSIVE;
				CLANG_WARN_UNREACHABLE_CODE = YES;
				CLANG_WARN__DUPLICATE_METHOD_MATCH = YES;
				COPY_PHASE_STRIP = NO;
				DEBUG_INFORMATION_FORMAT = "dwarf-with-dsym";
				ENABLE_NS_ASSERTIONS = NO;
				ENABLE_STRICT_OBJC_MSGSEND = YES;
				GCC_C_LANGUAGE_STANDARD = gnu11;
				GCC_NO_COMMON_BLOCKS = YES;
				GCC_WARN_64_TO_32_BIT_CONVERSION = YES;
				GCC_WARN_ABOUT_RETURN_TYPE = YES_ERROR;
				GCC_WARN_UNDECLARED_SELECTOR = YES;
				GCC_WARN_UNINITIALIZED_AUTOS = YES_AGGRESSIVE;
				GCC_WARN_UNUSED_FUNCTION = YES;
				GCC_WARN_UNUSED_VARIABLE = YES;
				IPHONEOS_DEPLOYMENT_TARGET = 16.1;
				MTL_ENABLE_DEBUG_INFO = NO;
				MTL_FAST_MATH = YES;
				SDKROOT = iphoneos;
				SWIFT_COMPILATION_MODE = wholemodule;
				SWIFT_OPTIMIZATION_LEVEL = "-O";
				VALIDATE_PRODUCT = YES;
			};
			name = Release;
		};
		EF7409862920D8460065485E /* Debug */ = {
			isa = XCBuildConfiguration;
			buildSettings = {
				ASSETCATALOG_COMPILER_APPICON_NAME = AppIcon;
				ASSETCATALOG_COMPILER_GLOBAL_ACCENT_COLOR_NAME = AccentColor;
				CODE_SIGN_STYLE = Automatic;
				CURRENT_PROJECT_VERSION = 1;
				DEVELOPMENT_ASSET_PATHS = "\"SampleJDA/Preview Content\"";
				ENABLE_PREVIEWS = YES;
				GENERATE_INFOPLIST_FILE = YES;
				INFOPLIST_KEY_UIApplicationSceneManifest_Generation = YES;
				INFOPLIST_KEY_UIApplicationSupportsIndirectInputEvents = YES;
				INFOPLIST_KEY_UILaunchScreen_Generation = YES;
				INFOPLIST_KEY_UISupportedInterfaceOrientations_iPad = "UIInterfaceOrientationPortrait UIInterfaceOrientationPortraitUpsideDown UIInterfaceOrientationLandscapeLeft UIInterfaceOrientationLandscapeRight";
				INFOPLIST_KEY_UISupportedInterfaceOrientations_iPhone = "UIInterfaceOrientationPortrait UIInterfaceOrientationLandscapeLeft UIInterfaceOrientationLandscapeRight";
				LD_RUNPATH_SEARCH_PATHS = (
					"$(inherited)",
					"@executable_path/Frameworks",
				);
				MARKETING_VERSION = 1.0;
				PRODUCT_BUNDLE_IDENTIFIER = com.JDman.SampleJDA;
				PRODUCT_NAME = "$(TARGET_NAME)";
				SWIFT_EMIT_LOC_STRINGS = YES;
				SWIFT_VERSION = 5.0;
				TARGETED_DEVICE_FAMILY = "1,2";
			};
			name = Debug;
		};
		EF7409872920D8460065485E /* Release */ = {
			isa = XCBuildConfiguration;
			buildSettings = {
				ASSETCATALOG_COMPILER_APPICON_NAME = AppIcon;
				ASSETCATALOG_COMPILER_GLOBAL_ACCENT_COLOR_NAME = AccentColor;
				CODE_SIGN_STYLE = Automatic;
				CURRENT_PROJECT_VERSION = 1;
				DEVELOPMENT_ASSET_PATHS = "\"SampleJDA/Preview Content\"";
				ENABLE_PREVIEWS = YES;
				GENERATE_INFOPLIST_FILE = YES;
				INFOPLIST_KEY_UIApplicationSceneManifest_Generation = YES;
				INFOPLIST_KEY_UIApplicationSupportsIndirectInputEvents = YES;
				INFOPLIST_KEY_UILaunchScreen_Generation = YES;
				INFOPLIST_KEY_UISupportedInterfaceOrientations_iPad = "UIInterfaceOrientationPortrait UIInterfaceOrientationPortraitUpsideDown UIInterfaceOrientationLandscapeLeft UIInterfaceOrientationLandscapeRight";
				INFOPLIST_KEY_UISupportedInterfaceOrientations_iPhone = "UIInterfaceOrientationPortrait UIInterfaceOrientationLandscapeLeft UIInterfaceOrientationLandscapeRight";
				LD_RUNPATH_SEARCH_PATHS = (
					"$(inherited)",
					"@executable_path/Frameworks",
				);
				MARKETING_VERSION = 1.0;
				PRODUCT_BUNDLE_IDENTIFIER = com.JDman.SampleJDA;
				PRODUCT_NAME = "$(TARGET_NAME)";
				SWIFT_EMIT_LOC_STRINGS = YES;
				SWIFT_VERSION = 5.0;
				TARGETED_DEVICE_FAMILY = "1,2";
			};
			name = Release;
		};
		EF7409892920D8460065485E /* Debug */ = {
			isa = XCBuildConfiguration;
			buildSettings = {
				ALWAYS_EMBED_SWIFT_STANDARD_LIBRARIES = YES;
				BUNDLE_LOADER = "$(TEST_HOST)";
				CODE_SIGN_STYLE = Automatic;
				CURRENT_PROJECT_VERSION = 1;
				GENERATE_INFOPLIST_FILE = YES;
				IPHONEOS_DEPLOYMENT_TARGET = 16.1;
				MARKETING_VERSION = 1.0;
				PRODUCT_BUNDLE_IDENTIFIER = com.JDman.SampleJDATests;
				PRODUCT_NAME = "$(TARGET_NAME)";
				SWIFT_EMIT_LOC_STRINGS = NO;
				SWIFT_VERSION = 5.0;
				TARGETED_DEVICE_FAMILY = "1,2";
				TEST_HOST = "$(BUILT_PRODUCTS_DIR)/SampleJDA.app/$(BUNDLE_EXECUTABLE_FOLDER_PATH)/SampleJDA";
			};
			name = Debug;
		};
		EF74098A2920D8460065485E /* Release */ = {
			isa = XCBuildConfiguration;
			buildSettings = {
				ALWAYS_EMBED_SWIFT_STANDARD_LIBRARIES = YES;
				BUNDLE_LOADER = "$(TEST_HOST)";
				CODE_SIGN_STYLE = Automatic;
				CURRENT_PROJECT_VERSION = 1;
				GENERATE_INFOPLIST_FILE = YES;
				IPHONEOS_DEPLOYMENT_TARGET = 16.1;
				MARKETING_VERSION = 1.0;
				PRODUCT_BUNDLE_IDENTIFIER = com.JDman.SampleJDATests;
				PRODUCT_NAME = "$(TARGET_NAME)";
				SWIFT_EMIT_LOC_STRINGS = NO;
				SWIFT_VERSION = 5.0;
				TARGETED_DEVICE_FAMILY = "1,2";
				TEST_HOST = "$(BUILT_PRODUCTS_DIR)/SampleJDA.app/$(BUNDLE_EXECUTABLE_FOLDER_PATH)/SampleJDA";
			};
			name = Release;
		};
		EF74098C2920D8460065485E /* Debug */ = {
			isa = XCBuildConfiguration;
			buildSettings = {
				ALWAYS_EMBED_SWIFT_STANDARD_LIBRARIES = YES;
				CODE_SIGN_STYLE = Automatic;
				CURRENT_PROJECT_VERSION = 1;
				GENERATE_INFOPLIST_FILE = YES;
				MARKETING_VERSION = 1.0;
				PRODUCT_BUNDLE_IDENTIFIER = com.JDman.SampleJDAUITests;
				PRODUCT_NAME = "$(TARGET_NAME)";
				SWIFT_EMIT_LOC_STRINGS = NO;
				SWIFT_VERSION = 5.0;
				TARGETED_DEVICE_FAMILY = "1,2";
				TEST_TARGET_NAME = SampleJDA;
			};
			name = Debug;
		};
		EF74098D2920D8460065485E /* Release */ = {
			isa = XCBuildConfiguration;
			buildSettings = {
				ALWAYS_EMBED_SWIFT_STANDARD_LIBRARIES = YES;
				CODE_SIGN_STYLE = Automatic;
				CURRENT_PROJECT_VERSION = 1;
				GENERATE_INFOPLIST_FILE = YES;
				MARKETING_VERSION = 1.0;
				PRODUCT_BUNDLE_IDENTIFIER = com.JDman.SampleJDAUITests;
				PRODUCT_NAME = "$(TARGET_NAME)";
				SWIFT_EMIT_LOC_STRINGS = NO;
				SWIFT_VERSION = 5.0;
				TARGETED_DEVICE_FAMILY = "1,2";
				TEST_TARGET_NAME = SampleJDA;
			};
			name = Release;
		};
/* End XCBuildConfiguration section */

/* Begin XCConfigurationList section */
		EF74095C2920D8450065485E /* Build configuration list for PBXProject "SampleJDA" */ = {
			isa = XCConfigurationList;
			buildConfigurations = (
				EF7409832920D8460065485E /* Debug */,
				EF7409842920D8460065485E /* Release */,
			);
			defaultConfigurationIsVisible = 0;
			defaultConfigurationName = Release;
		};
		EF7409852920D8460065485E /* Build configuration list for PBXNativeTarget "SampleJDA" */ = {
			isa = XCConfigurationList;
			buildConfigurations = (
				EF7409862920D8460065485E /* Debug */,
				EF7409872920D8460065485E /* Release */,
			);
			defaultConfigurationIsVisible = 0;
			defaultConfigurationName = Release;
		};
		EF7409882920D8460065485E /* Build configuration list for PBXNativeTarget "SampleJDATests" */ = {
			isa = XCConfigurationList;
			buildConfigurations = (
				EF7409892920D8460065485E /* Debug */,
				EF74098A2920D8460065485E /* Release */,
			);
			defaultConfigurationIsVisible = 0;
			defaultConfigurationName = Release;
		};
		EF74098B2920D8460065485E /* Build configuration list for PBXNativeTarget "SampleJDAUITests" */ = {
			isa = XCConfigurationList;
			buildConfigurations = (
				EF74098C2920D8460065485E /* Debug */,
				EF74098D2920D8460065485E /* Release */,
			);
			defaultConfigurationIsVisible = 0;
			defaultConfigurationName = Release;
		};
/* End XCConfigurationList section */

/* Begin XCSwiftPackageProductDependency section */
		EFD435D52920DA7400784BCC /* JDA */ = {
			isa = XCSwiftPackageProductDependency;
			productName = JDA;
		};
/* End XCSwiftPackageProductDependency section */
	};
	rootObject = EF7409592920D8450065485E /* Project object */;
}
